<?xml version="1.0" encoding="utf-8"?>
<Project ToolsVersion="4.0" xmlns="http://schemas.microsoft.com/developer/msbuild/2003">
  <ItemGroup>
    <Filter Include="Source Files">
      <UniqueIdentifier>{4FC737F1-C7A5-4376-A066-2A32D752A2FF}</UniqueIdentifier>
      <Extensions>cpp;c;cc;cxx;def;odl;idl;hpj;bat;asm;asmx</Extensions>
    </Filter>
    <Filter Include="Header Files">
      <UniqueIdentifier>{93995380-89BD-4b04-88EB-625FBE52EBFB}</UniqueIdentifier>
      <Extensions>h;hh;hpp;hxx;hm;inl;inc;ipp;xsd</Extensions>
    </Filter>
    <Filter Include="Resource Files">
      <UniqueIdentifier>{67DA6AB6-F800-4c08-8B7A-83BB121AAD01}</UniqueIdentifier>
      <Extensions>rc;ico;cur;bmp;dlg;rc2;rct;bin;rgs;gif;jpg;jpeg;jpe;resx;tiff;tif;png;wav;mfcribbon-ms</Extensions>
    </Filter>
    <Filter Include="Resource Files\Shaders">
      <UniqueIdentifier>{3925eb9a-12e9-428d-8757-9249e631f6c3}</UniqueIdentifier>
    </Filter>
    <Filter Include="Source Files\Renderer">
      <UniqueIdentifier>{df2d266b-b517-42ee-bb68-9103c16c793e}</UniqueIdentifier>
    </Filter>
    <Filter Include="Header Files\Renderer">
      <UniqueIdentifier>{a7783fd8-8f4e-4161-ab6d-a0f765b39a68}</UniqueIdentifier>
    </Filter>
    <Filter Include="Header Files\GameLogic">
      <UniqueIdentifier>{92852afe-2e72-405a-a4fb-28a293644ca8}</UniqueIdentifier>
    </Filter>
    <Filter Include="Source Files\GameLogic">
      <UniqueIdentifier>{d761b840-e4ca-454e-af5e-9bc652cf8777}</UniqueIdentifier>
    </Filter>
  </ItemGroup>
  <ItemGroup>
    <ClInclude Include="Headers\Entity.h">
      <Filter>Header Files</Filter>
    </ClInclude>
    <ClInclude Include="Headers\Renderer\Camera.h">
      <Filter>Header Files\Renderer</Filter>
    </ClInclude>
    <ClInclude Include="Headers\Renderer\Loader.h">
      <Filter>Header Files\Renderer</Filter>
    </ClInclude>
    <ClInclude Include="Headers\Renderer\Mesh.h">
      <Filter>Header Files\Renderer</Filter>
    </ClInclude>
    <ClInclude Include="Headers\Renderer\Model.h">
      <Filter>Header Files\Renderer</Filter>
    </ClInclude>
    <ClInclude Include="Headers\Renderer\Renderer.h">
      <Filter>Header Files\Renderer</Filter>
    </ClInclude>
    <ClInclude Include="Headers\Renderer\Screen.h">
      <Filter>Header Files\Renderer</Filter>
    </ClInclude>
    <ClInclude Include="Headers\Renderer\Shader.h">
      <Filter>Header Files\Renderer</Filter>
    </ClInclude>
    <ClInclude Include="Headers\Renderer\stb_image.h">
      <Filter>Header Files\Renderer</Filter>
    </ClInclude>
    <ClInclude Include="Headers\Renderer\TextRenderer.h">
      <Filter>Header Files\Renderer</Filter>
    </ClInclude>
    <ClInclude Include="Headers\RenderingOptions.h">
      <Filter>Header Files</Filter>
    </ClInclude>
    <ClInclude Include="Headers\Renderer\Terrain.h">
      <Filter>Header Files\Renderer</Filter>
    </ClInclude>
    <ClInclude Include="Headers\Renderer\VertexStructs.h">
      <Filter>Header Files\Renderer</Filter>
    </ClInclude>
    <ClInclude Include="Headers\GameLogic\GameObject.h">
      <Filter>Header Files\GameLogic</Filter>
    </ClInclude>
  </ItemGroup>
  <ItemGroup>
    <None Include="Resources\Shaders\LampShader.frag">
      <Filter>Resource Files\Shaders</Filter>
    </None>
    <None Include="Resources\Shaders\LampShader.vert">
      <Filter>Resource Files\Shaders</Filter>
    </None>
    <None Include="Resources\Shaders\SkyboxShader.frag">
      <Filter>Resource Files\Shaders</Filter>
    </None>
    <None Include="Resources\Shaders\SkyboxShader.vert">
      <Filter>Resource Files\Shaders</Filter>
    </None>
    <None Include="Resources\Shaders\TextShader.frag">
      <Filter>Resource Files\Shaders</Filter>
    </None>
    <None Include="Resources\Shaders\TextShader.vert">
      <Filter>Resource Files\Shaders</Filter>
    </None>
    <None Include="Resources\Shaders\GeometryShader.frag">
      <Filter>Resource Files\Shaders</Filter>
    </None>
    <None Include="Resources\Shaders\GeometryShader.vert">
      <Filter>Resource Files\Shaders</Filter>
    </None>
    <None Include="Resources\Shaders\LightVolumeShader.frag">
      <Filter>Resource Files\Shaders</Filter>
    </None>
    <None Include="Resources\Shaders\LightVolumeShader.vert">
      <Filter>Resource Files\Shaders</Filter>
    </None>
    <None Include="Resources\Shaders\StencilShader.frag">
      <Filter>Resource Files\Shaders</Filter>
    </None>
    <None Include="Resources\Shaders\StencilShader.vert">
      <Filter>Resource Files\Shaders</Filter>
    </None>
  </ItemGroup>
  <ItemGroup>
    <ClCompile Include="Source\main.cpp">
      <Filter>Source Files</Filter>
    </ClCompile>
    <ClCompile Include="..\..\..\..\..\..\OpenGL\glad\src\glad.c">
      <Filter>Source Files</Filter>
    </ClCompile>
    <ClCompile Include="Source\gameLogic.cpp">
      <Filter>Source Files</Filter>
    </ClCompile>
    <ClCompile Include="Source\Entity.cpp">
      <Filter>Source Files</Filter>
    </ClCompile>
    <ClCompile Include="Source\Renderer\stb_image.cpp">
      <Filter>Source Files\Renderer</Filter>
    </ClCompile>
    <ClCompile Include="Source\Renderer\Camera.cpp">
      <Filter>Source Files\Renderer</Filter>
    </ClCompile>
    <ClCompile Include="Source\Renderer\Loader.cpp">
      <Filter>Source Files\Renderer</Filter>
    </ClCompile>
    <ClCompile Include="Source\Renderer\Mesh.cpp">
      <Filter>Source Files\Renderer</Filter>
    </ClCompile>
    <ClCompile Include="Source\Renderer\Model.cpp">
      <Filter>Source Files\Renderer</Filter>
    </ClCompile>
    <ClCompile Include="Source\Renderer\Shader.cpp">
      <Filter>Source Files\Renderer</Filter>
    </ClCompile>
    <ClCompile Include="Source\Renderer\TextRenderer.cpp">
      <Filter>Source Files\Renderer</Filter>
    </ClCompile>
    <ClCompile Include="Source\Renderer\Terrain.cpp">
      <Filter>Source Files\Renderer</Filter>
    </ClCompile>
    <ClCompile Include="Source\GameLogic\GameObject.cpp">
      <Filter>Source Files\GameLogic</Filter>
    </ClCompile>
  </ItemGroup>
</Project>